
Microsoft Visual Studio Solution File, Format Version 12.00
# Visual Studio Version 17
VisualStudioVersion = 17.14.36221.1 d17.14
MinimumVisualStudioVersion = 10.0.40219.1
Project("{FAE04EC0-301F-11D3-BF4B-00C04F79EFBC}") = "AIstory", "AIstory.csproj", "{79579CA8-3AF2-4DC1-A8A2-98E8B55653F2}"
EndProject
Global
	GlobalSection(SolutionConfigurationPlatforms) = preSolution
		Debug|Any CPU = Debug|Any CPU
		Release|Any CPU = Release|Any CPU
	EndGlobalSection
	GlobalSection(ProjectConfigurationPlatforms) = postSolution
		{79579CA8-3AF2-4DC1-A8A2-98E8B55653F2}.Debug|Any CPU.ActiveCfg = Debug|Any CPU
		{79579CA8-3AF2-4DC1-A8A2-98E8B55653F2}.Debug|Any CPU.Build.0 = Debug|Any CPU
		{79579CA8-3AF2-4DC1-A8A2-98E8B55653F2}.Release|Any CPU.ActiveCfg = Release|Any CPU
		{79579CA8-3AF2-4DC1-A8A2-98E8B55653F2}.Release|Any CPU.Build.0 = Release|Any CPU
	EndGlobalSection
	GlobalSection(SolutionProperties) = preSolution
		HideSolutionNode = FALSE
	EndGlobalSection
	GlobalSection(ExtensibilityGlobals) = postSolution
		SolutionGuid = {73100EF7-0F5A-4A70-9200-F9C2138BE1FA}
	EndGlobalSection
EndGlobal
